
Microsoft Visual Studio Solution File, Format Version 12.00
# Visual Studio 15
VisualStudioVersion = 15.0.26730.8
MinimumVisualStudioVersion = 10.0.40219.1
Project("{FAE04EC0-301F-11D3-BF4B-00C04F79EFBC}") = "soma1a1000", "soma1a1000\soma1a1000.csproj", "{CF1F9152-4E7A-40AF-A5AE-1EA2B1001893}"
EndProject
Global
	GlobalSection(SolutionConfigurationPlatforms) = preSolution
		Debug|Any CPU = Debug|Any CPU
		Release|Any CPU = Release|Any CPU
	EndGlobalSection
	GlobalSection(ProjectConfigurationPlatforms) = postSolution
		{CF1F9152-4E7A-40AF-A5AE-1EA2B1001893}.Debug|Any CPU.ActiveCfg = Debug|Any CPU
		{CF1F9152-4E7A-40AF-A5AE-1EA2B1001893}.Debug|Any CPU.Build.0 = Debug|Any CPU
		{CF1F9152-4E7A-40AF-A5AE-1EA2B1001893}.Release|Any CPU.ActiveCfg = Release|Any CPU
		{CF1F9152-4E7A-40AF-A5AE-1EA2B1001893}.Release|Any CPU.Build.0 = Release|Any CPU
	EndGlobalSection
	GlobalSection(SolutionProperties) = preSolution
		HideSolutionNode = FALSE
	EndGlobalSection
	GlobalSection(ExtensibilityGlobals) = postSolution
		SolutionGuid = {7AE489E1-A88D-4CB0-8D48-23C2DA691C5C}
	EndGlobalSection
EndGlobal
