
Microsoft Visual Studio Solution File, Format Version 12.00
# Visual Studio 15
VisualStudioVersion = 15.0.26730.8
MinimumVisualStudioVersion = 10.0.40219.1
Project("{FAE04EC0-301F-11D3-BF4B-00C04F79EFBC}") = "desafiocap5", "desafiocap5.csproj", "{463B4067-E7CC-4D7D-82ED-2720E6BC95A5}"
EndProject
Global
	GlobalSection(SolutionConfigurationPlatforms) = preSolution
		Debug|Any CPU = Debug|Any CPU
		Release|Any CPU = Release|Any CPU
	EndGlobalSection
	GlobalSection(ProjectConfigurationPlatforms) = postSolution
		{463B4067-E7CC-4D7D-82ED-2720E6BC95A5}.Debug|Any CPU.ActiveCfg = Debug|Any CPU
		{463B4067-E7CC-4D7D-82ED-2720E6BC95A5}.Debug|Any CPU.Build.0 = Debug|Any CPU
		{463B4067-E7CC-4D7D-82ED-2720E6BC95A5}.Release|Any CPU.ActiveCfg = Release|Any CPU
		{463B4067-E7CC-4D7D-82ED-2720E6BC95A5}.Release|Any CPU.Build.0 = Release|Any CPU
	EndGlobalSection
	GlobalSection(SolutionProperties) = preSolution
		HideSolutionNode = FALSE
	EndGlobalSection
	GlobalSection(ExtensibilityGlobals) = postSolution
		SolutionGuid = {04D002D6-7C2C-4FAE-BF18-2BBE3FE5AA14}
	EndGlobalSection
EndGlobal
