
Microsoft Visual Studio Solution File, Format Version 12.00
# Visual Studio 15
VisualStudioVersion = 15.0.26730.8
MinimumVisualStudioVersion = 10.0.40219.1
Project("{FAE04EC0-301F-11D3-BF4B-00C04F79EFBC}") = "NotaFiscal", "NotaFiscal\NotaFiscal.csproj", "{C42D470D-16BF-49D6-B0A7-FC4C89DA9AD8}"
EndProject
Global
	GlobalSection(SolutionConfigurationPlatforms) = preSolution
		Debug|Any CPU = Debug|Any CPU
		Release|Any CPU = Release|Any CPU
	EndGlobalSection
	GlobalSection(ProjectConfigurationPlatforms) = postSolution
		{C42D470D-16BF-49D6-B0A7-FC4C89DA9AD8}.Debug|Any CPU.ActiveCfg = Debug|Any CPU
		{C42D470D-16BF-49D6-B0A7-FC4C89DA9AD8}.Debug|Any CPU.Build.0 = Debug|Any CPU
		{C42D470D-16BF-49D6-B0A7-FC4C89DA9AD8}.Release|Any CPU.ActiveCfg = Release|Any CPU
		{C42D470D-16BF-49D6-B0A7-FC4C89DA9AD8}.Release|Any CPU.Build.0 = Release|Any CPU
	EndGlobalSection
	GlobalSection(SolutionProperties) = preSolution
		HideSolutionNode = FALSE
	EndGlobalSection
	GlobalSection(ExtensibilityGlobals) = postSolution
		SolutionGuid = {4CBEDDE4-3052-45BF-9A12-5E911D2A3084}
	EndGlobalSection
EndGlobal
